PODS:
  - Papuga (0.1):
    - Sourcery
  - Sourcery (0.15.0)

DEPENDENCIES:
  - Papuga (from `../`)
  - Sourcery

SPEC REPOS:
  https://github.com/cocoapods/specs.git:
    - Sourcery

EXTERNAL SOURCES:
  Papuga:
    :path: "../"

SPEC CHECKSUMS:
  Papuga: 5c723d56472ef1ad8b7b9c8c4e78ce530c2c0f60
  Sourcery: 5895672cae353cdbfa95f3f4aaeb75a664d76f6a

PODFILE CHECKSUM: 76546183fa169e66a930b1445515252162feaf76

COCOAPODS: 1.5.3
