PODS:
  - Papuga (0.2.5):
    - Sourcery
  - Sourcery (0.16.0)

DEPENDENCIES:
  - Papuga (from `../`)
  - Sourcery

SPEC REPOS:
  https://github.com/cocoapods/specs.git:
    - Sourcery

EXTERNAL SOURCES:
  Papuga:
    :path: "../"

SPEC CHECKSUMS:
  Papuga: a29106621b12fc1d2985bf8bbf34e90d45142213
  Sourcery: 3e55aad9719ee5782ab81eb16addd44d272e4d13

PODFILE CHECKSUM: 76546183fa169e66a930b1445515252162feaf76

COCOAPODS: 1.5.3
